
Microsoft Visual Studio Solution File, Format Version 12.00
# Visual Studio 2012
Project("{FAE04EC0-301F-11D3-BF4B-00C04F79EFBC}") = "Doodle jump", "Doodle jump\Doodle jump\Doodle jump.csproj", "{498352AC-103D-4D63-A122-1B1B2F1FBB0C}"
EndProject
Project("{96E2B04D-8817-42C6-938A-82C39BA4D311}") = "Doodle jumpContent", "Doodle jump\Doodle jumpContent\Doodle jumpContent.contentproj", "{006DB410-678E-4109-9501-FBCDBA88D9BA}"
EndProject
Global
	GlobalSection(SolutionConfigurationPlatforms) = preSolution
		Debug|x86 = Debug|x86
		Release|x86 = Release|x86
	EndGlobalSection
	GlobalSection(ProjectConfigurationPlatforms) = postSolution
		{498352AC-103D-4D63-A122-1B1B2F1FBB0C}.Debug|x86.ActiveCfg = Debug|x86
		{498352AC-103D-4D63-A122-1B1B2F1FBB0C}.Debug|x86.Build.0 = Debug|x86
		{498352AC-103D-4D63-A122-1B1B2F1FBB0C}.Release|x86.ActiveCfg = Release|x86
		{498352AC-103D-4D63-A122-1B1B2F1FBB0C}.Release|x86.Build.0 = Release|x86
		{006DB410-678E-4109-9501-FBCDBA88D9BA}.Debug|x86.ActiveCfg = Debug|x86
		{006DB410-678E-4109-9501-FBCDBA88D9BA}.Release|x86.ActiveCfg = Release|x86
	EndGlobalSection
	GlobalSection(SolutionProperties) = preSolution
		HideSolutionNode = FALSE
	EndGlobalSection
EndGlobal
